
Microsoft Visual Studio Solution File, Format Version 12.00
# Visual Studio 14
VisualStudioVersion = 14.0.24720.0
MinimumVisualStudioVersion = 10.0.40219.1
Project("{FAE04EC0-301F-11D3-BF4B-00C04F79EFBC}") = "Fonlow.Diagnostics", "Fonlow.Diagnostics\Fonlow.Diagnostics.csproj", "{6B61FF7A-4B9E-46D0-97BB-EACE9EA0AF84}"
EndProject
Project("{FAE04EC0-301F-11D3-BF4B-00C04F79EFBC}") = "WriteTraceSources", "WriteTraceSources\WriteTraceSources.csproj", "{331C5031-207E-4916-82DA-A7F5FD23C1E2}"
EndProject
Global
	GlobalSection(SolutionConfigurationPlatforms) = preSolution
		Debug|Any CPU = Debug|Any CPU
		Release|Any CPU = Release|Any CPU
	EndGlobalSection
	GlobalSection(ProjectConfigurationPlatforms) = postSolution
		{6B61FF7A-4B9E-46D0-97BB-EACE9EA0AF84}.Debug|Any CPU.ActiveCfg = Debug|Any CPU
		{6B61FF7A-4B9E-46D0-97BB-EACE9EA0AF84}.Debug|Any CPU.Build.0 = Debug|Any CPU
		{6B61FF7A-4B9E-46D0-97BB-EACE9EA0AF84}.Release|Any CPU.ActiveCfg = Release|Any CPU
		{6B61FF7A-4B9E-46D0-97BB-EACE9EA0AF84}.Release|Any CPU.Build.0 = Release|Any CPU
		{331C5031-207E-4916-82DA-A7F5FD23C1E2}.Debug|Any CPU.ActiveCfg = Debug|Any CPU
		{331C5031-207E-4916-82DA-A7F5FD23C1E2}.Debug|Any CPU.Build.0 = Debug|Any CPU
		{331C5031-207E-4916-82DA-A7F5FD23C1E2}.Release|Any CPU.ActiveCfg = Release|Any CPU
		{331C5031-207E-4916-82DA-A7F5FD23C1E2}.Release|Any CPU.Build.0 = Release|Any CPU
	EndGlobalSection
	GlobalSection(SolutionProperties) = preSolution
		HideSolutionNode = FALSE
	EndGlobalSection
EndGlobal
